
Microsoft Visual Studio Solution File, Format Version 12.00
# Visual Studio 14
VisualStudioVersion = 14.0.23107.0
MinimumVisualStudioVersion = 10.0.40219.1
Project("{FAE04EC0-301F-11D3-BF4B-00C04F79EFBC}") = "Project1", "Project1\Project1.csproj", "{FA1AC3B7-9064-46BD-943A-3EA349722297}"
EndProject
Project("{FAE04EC0-301F-11D3-BF4B-00C04F79EFBC}") = "Project2", "Project2\Project2.csproj", "{6641B921-89BB-45BE-A6A7-A2F471E4003A}"
EndProject
Global
	GlobalSection(SolutionConfigurationPlatforms) = preSolution
		Debug|Any CPU = Debug|Any CPU
		Release|Any CPU = Release|Any CPU
	EndGlobalSection
	GlobalSection(ProjectConfigurationPlatforms) = postSolution
		{FA1AC3B7-9064-46BD-943A-3EA349722297}.Debug|Any CPU.ActiveCfg = Debug|Any CPU
		{FA1AC3B7-9064-46BD-943A-3EA349722297}.Debug|Any CPU.Build.0 = Debug|Any CPU
		{FA1AC3B7-9064-46BD-943A-3EA349722297}.Release|Any CPU.ActiveCfg = Release|Any CPU
		{FA1AC3B7-9064-46BD-943A-3EA349722297}.Release|Any CPU.Build.0 = Release|Any CPU
		{6641B921-89BB-45BE-A6A7-A2F471E4003A}.Debug|Any CPU.ActiveCfg = Debug|Any CPU
		{6641B921-89BB-45BE-A6A7-A2F471E4003A}.Debug|Any CPU.Build.0 = Debug|Any CPU
		{6641B921-89BB-45BE-A6A7-A2F471E4003A}.Release|Any CPU.ActiveCfg = Release|Any CPU
		{6641B921-89BB-45BE-A6A7-A2F471E4003A}.Release|Any CPU.Build.0 = Release|Any CPU
	EndGlobalSection
	GlobalSection(SolutionProperties) = preSolution
		HideSolutionNode = FALSE
	EndGlobalSection
EndGlobal
